
Microsoft Visual Studio Solution File, Format Version 12.00
# Visual Studio 15
VisualStudioVersion = 15.0.27703.2026
MinimumVisualStudioVersion = 10.0.40219.1
Project("{FAE04EC0-301F-11D3-BF4B-00C04F79EFBC}") = "ConsoleChatClient", "ConsoleChatClient\ConsoleChatClient.csproj", "{40BF7244-9948-4AA4-8FC5-64BEF2DB3874}"
EndProject
Global
	GlobalSection(SolutionConfigurationPlatforms) = preSolution
		Debug|Any CPU = Debug|Any CPU
		Release|Any CPU = Release|Any CPU
	EndGlobalSection
	GlobalSection(ProjectConfigurationPlatforms) = postSolution
		{40BF7244-9948-4AA4-8FC5-64BEF2DB3874}.Debug|Any CPU.ActiveCfg = Debug|Any CPU
		{40BF7244-9948-4AA4-8FC5-64BEF2DB3874}.Debug|Any CPU.Build.0 = Debug|Any CPU
		{40BF7244-9948-4AA4-8FC5-64BEF2DB3874}.Release|Any CPU.ActiveCfg = Release|Any CPU
		{40BF7244-9948-4AA4-8FC5-64BEF2DB3874}.Release|Any CPU.Build.0 = Release|Any CPU
	EndGlobalSection
	GlobalSection(SolutionProperties) = preSolution
		HideSolutionNode = FALSE
	EndGlobalSection
	GlobalSection(ExtensibilityGlobals) = postSolution
		SolutionGuid = {34EF2974-054C-45C5-AF4B-9DF053BFA312}
	EndGlobalSection
EndGlobal
